lockfileVersion: '9.0'

settings:
  autoInstallPeers: true
  excludeLinksFromLockfile: false

importers:

  .:
    dependencies:
      aws-cdk-lib:
        specifier: ^2.180.0
        version: 2.245.0(constructs@10.6.0)
      constructs:
        specifier: ^10.4.0
        version: 10.6.0
    devDependencies:
      aws-cdk:
        specifier: ^2.180.0
        version: 2.1114.1
      typescript:
        specifier: ^5.8.0
        version: 5.9.3

packages:

  '@aws-cdk/asset-awscli-v1@2.2.263':
    resolution: {integrity: sha512-X9JvcJhYcb7PHs8R7m4zMablO5C9PGb/hYfLnxds9h/rKJu6l7MiXE/SabCibuehxPnuO/vk+sVVJiUWrccarQ==}

  '@aws-cdk/asset-node-proxy-agent-v6@2.1.1':
    resolution: {integrity: sha512-We4bmHaowOPHr+IQR4/FyTGjRfjgBj4ICMjtqmJeBDWad3Q/6St12NT07leNtyuukv2qMhtSZJQorD8KpKTwRA==}

  '@aws-cdk/cloud-assembly-schema@53.9.0':
    resolution: {integrity: sha512-Ss7Af943iyyTABqeJS30LylmELpdpGgHzQP87KxO+HGPFIFDsoZymSuU1H5eQAcuuOvcfIPSKA62/lf274UB2A==}
    engines: {node: '>= 18.0.0'}
    bundledDependencies:
      - jsonschema
      - semver

  aws-cdk-lib@2.245.0:
    resolution: {integrity: sha512-Yfeb+wKC6s+Ttm/N93C6vY6ksyCh68WaG/j3N6dalJWTW/V4o6hUolHm+v2c2IofJEUS45c5AF/EEj24e9hfMA==}
    engines: {node: '>= 20.0.0'}
    peerDependencies:
      constructs: ^10.5.0
    bundledDependencies:
      - '@balena/dockerignore'
      - '@aws-cdk/cloud-assembly-api'
      - case
      - fs-extra
      - ignore
      - jsonschema
      - minimatch
      - punycode
      - semver
      - table
      - yaml
      - mime-types

  aws-cdk@2.1114.1:
    resolution: {integrity: sha512-jMaKPWQQs1G6AbhfCQG2zGrgAhTxzP0jn4T2CuwONuvcV374dMPhfC/LBAv48ruSOgpCK9x6V1xeO/aH3EchAA==}
    engines: {node: '>= 18.0.0'}
    hasBin: true

  constructs@10.6.0:
    resolution: {integrity: sha512-TxHOnBO5zMo/G76ykzGF/wMpEHu257TbWiIxP9K0Yv/+t70UzgBQiTqjkAsWOPC6jW91DzJI0+ehQV6xDRNBuQ==}

  typescript@5.9.3:
    resolution: {integrity: sha512-jl1vZzPDinLr9eUt3J/t7V6FgNEw9QjvBPdysz9KfQDD41fQrC2Y4vKQdiaUpFT4bXlb1RHhLpp8wtm6M5TgSw==}
    engines: {node: '>=14.17'}
    hasBin: true

snapshots:

  '@aws-cdk/asset-awscli-v1@2.2.263': {}

  '@aws-cdk/asset-node-proxy-agent-v6@2.1.1': {}

  '@aws-cdk/cloud-assembly-schema@53.9.0': {}

  aws-cdk-lib@2.245.0(constructs@10.6.0):
    dependencies:
      '@aws-cdk/asset-awscli-v1': 2.2.263
      '@aws-cdk/asset-node-proxy-agent-v6': 2.1.1
      '@aws-cdk/cloud-assembly-schema': 53.9.0
      constructs: 10.6.0

  aws-cdk@2.1114.1: {}

  constructs@10.6.0: {}

  typescript@5.9.3: {}
